
Microsoft Visual Studio Solution File, Format Version 12.00
# Visual Studio Version 17
VisualStudioVersion = 17.4.33205.214
MinimumVisualStudioVersion = 10.0.40219.1
Project("{FAE04EC0-301F-11D3-BF4B-00C04F79EFBC}") = "Firefly-Lines", "Firefly-Lines\Firefly-Lines.csproj", "{DC2589F6-C86C-4C0C-909C-656ECA0FA9E4}"
EndProject
Global
	GlobalSection(SolutionConfigurationPlatforms) = preSolution
		Debug|Any CPU = Debug|Any CPU
		Release|Any CPU = Release|Any CPU
	EndGlobalSection
	GlobalSection(ProjectConfigurationPlatforms) = postSolution
		{DC2589F6-C86C-4C0C-909C-656ECA0FA9E4}.Debug|Any CPU.ActiveCfg = Debug|Any CPU
		{DC2589F6-C86C-4C0C-909C-656ECA0FA9E4}.Debug|Any CPU.Build.0 = Debug|Any CPU
		{DC2589F6-C86C-4C0C-909C-656ECA0FA9E4}.Release|Any CPU.ActiveCfg = Release|Any CPU
		{DC2589F6-C86C-4C0C-909C-656ECA0FA9E4}.Release|Any CPU.Build.0 = Release|Any CPU
	EndGlobalSection
	GlobalSection(SolutionProperties) = preSolution
		HideSolutionNode = FALSE
	EndGlobalSection
	GlobalSection(ExtensibilityGlobals) = postSolution
		SolutionGuid = {2692B043-A6DA-4E0B-BBB0-12A870214C6B}
	EndGlobalSection
EndGlobal
